
Microsoft Visual Studio Solution File, Format Version 12.00
# Visual Studio 15
VisualStudioVersion = 15.0.28010.2046
MinimumVisualStudioVersion = 10.0.40219.1
Project("{FAE04EC0-301F-11D3-BF4B-00C04F79EFBC}") = "Assignment", "Assignment\Assignment.csproj", "{6E983666-7575-4966-8B0C-7EF4201BE805}"
EndProject
Project("{FAE04EC0-301F-11D3-BF4B-00C04F79EFBC}") = "Playground", "Playground\Playground.csproj", "{34109F34-71A9-4BDA-B835-9132EB68F0AE}"
EndProject
Project("{FAE04EC0-301F-11D3-BF4B-00C04F79EFBC}") = "WindowsFormsApplication1", "WindowsFormsApplication1\WindowsFormsApplication1.csproj", "{7BDDB521-1B36-4284-B46E-529F3E0EFD0E}"
EndProject
Project("{FAE04EC0-301F-11D3-BF4B-00C04F79EFBC}") = "Assignment_1", "ConsoleApplication1\Assignment_1.csproj", "{52046D35-C5BB-4D02-9ED0-FDA8B44850F9}"
EndProject
Global
	GlobalSection(SolutionConfigurationPlatforms) = preSolution
		Debug|Any CPU = Debug|Any CPU
		Release|Any CPU = Release|Any CPU
	EndGlobalSection
	GlobalSection(ProjectConfigurationPlatforms) = postSolution
		{6E983666-7575-4966-8B0C-7EF4201BE805}.Debug|Any CPU.ActiveCfg = Debug|Any CPU
		{6E983666-7575-4966-8B0C-7EF4201BE805}.Debug|Any CPU.Build.0 = Debug|Any CPU
		{6E983666-7575-4966-8B0C-7EF4201BE805}.Release|Any CPU.ActiveCfg = Release|Any CPU
		{6E983666-7575-4966-8B0C-7EF4201BE805}.Release|Any CPU.Build.0 = Release|Any CPU
		{34109F34-71A9-4BDA-B835-9132EB68F0AE}.Debug|Any CPU.ActiveCfg = Debug|Any CPU
		{34109F34-71A9-4BDA-B835-9132EB68F0AE}.Debug|Any CPU.Build.0 = Debug|Any CPU
		{34109F34-71A9-4BDA-B835-9132EB68F0AE}.Release|Any CPU.ActiveCfg = Release|Any CPU
		{34109F34-71A9-4BDA-B835-9132EB68F0AE}.Release|Any CPU.Build.0 = Release|Any CPU
		{7BDDB521-1B36-4284-B46E-529F3E0EFD0E}.Debug|Any CPU.ActiveCfg = Debug|Any CPU
		{7BDDB521-1B36-4284-B46E-529F3E0EFD0E}.Debug|Any CPU.Build.0 = Debug|Any CPU
		{7BDDB521-1B36-4284-B46E-529F3E0EFD0E}.Release|Any CPU.ActiveCfg = Release|Any CPU
		{7BDDB521-1B36-4284-B46E-529F3E0EFD0E}.Release|Any CPU.Build.0 = Release|Any CPU
		{52046D35-C5BB-4D02-9ED0-FDA8B44850F9}.Debug|Any CPU.ActiveCfg = Debug|Any CPU
		{52046D35-C5BB-4D02-9ED0-FDA8B44850F9}.Debug|Any CPU.Build.0 = Debug|Any CPU
		{52046D35-C5BB-4D02-9ED0-FDA8B44850F9}.Release|Any CPU.ActiveCfg = Release|Any CPU
		{52046D35-C5BB-4D02-9ED0-FDA8B44850F9}.Release|Any CPU.Build.0 = Release|Any CPU
	EndGlobalSection
	GlobalSection(SolutionProperties) = preSolution
		HideSolutionNode = FALSE
	EndGlobalSection
	GlobalSection(ExtensibilityGlobals) = postSolution
		SolutionGuid = {888B9A45-A4E6-4AEB-BE68-9E4FAA61A1DB}
	EndGlobalSection
EndGlobal
